
Microsoft Visual Studio Solution File, Format Version 12.00
# Visual Studio 15
VisualStudioVersion = 15.0.28307.421
MinimumVisualStudioVersion = 10.0.40219.1
Project("{FAE04EC0-301F-11D3-BF4B-00C04F79EFBC}") = "WebApp", "WebApp\WebApp.csproj", "{ED6AA5C5-FF71-4277-B045-B4E51F12A688}"
EndProject
Global
	GlobalSection(SolutionConfigurationPlatforms) = preSolution
		Debug|Any CPU = Debug|Any CPU
		Release|Any CPU = Release|Any CPU
	EndGlobalSection
	GlobalSection(ProjectConfigurationPlatforms) = postSolution
		{ED6AA5C5-FF71-4277-B045-B4E51F12A688}.Debug|Any CPU.ActiveCfg = Debug|Any CPU
		{ED6AA5C5-FF71-4277-B045-B4E51F12A688}.Debug|Any CPU.Build.0 = Debug|Any CPU
		{ED6AA5C5-FF71-4277-B045-B4E51F12A688}.Release|Any CPU.ActiveCfg = Release|Any CPU
		{ED6AA5C5-FF71-4277-B045-B4E51F12A688}.Release|Any CPU.Build.0 = Release|Any CPU
	EndGlobalSection
	GlobalSection(SolutionProperties) = preSolution
		HideSolutionNode = FALSE
	EndGlobalSection
	GlobalSection(ExtensibilityGlobals) = postSolution
		SolutionGuid = {E8C6C5F5-33D2-4FC5-875B-6D1131B5555E}
	EndGlobalSection
EndGlobal
